
Microsoft Visual Studio Solution File, Format Version 12.00
# Visual Studio Version 17
VisualStudioVersion = 17.13.35931.197 d17.13
MinimumVisualStudioVersion = 10.0.40219.1
Project("{FAE04EC0-301F-11D3-BF4B-00C04F79EFBC}") = "CafeteriaV2", "CafeteriaV2.csproj", "{2547563C-7409-42F5-BC8D-A748CD48E7FA}"
EndProject
Global
	GlobalSection(SolutionConfigurationPlatforms) = preSolution
		Debug|Any CPU = Debug|Any CPU
		Release|Any CPU = Release|Any CPU
	EndGlobalSection
	GlobalSection(ProjectConfigurationPlatforms) = postSolution
		{2547563C-7409-42F5-BC8D-A748CD48E7FA}.Debug|Any CPU.ActiveCfg = Debug|Any CPU
		{2547563C-7409-42F5-BC8D-A748CD48E7FA}.Debug|Any CPU.Build.0 = Debug|Any CPU
		{2547563C-7409-42F5-BC8D-A748CD48E7FA}.Release|Any CPU.ActiveCfg = Release|Any CPU
		{2547563C-7409-42F5-BC8D-A748CD48E7FA}.Release|Any CPU.Build.0 = Release|Any CPU
	EndGlobalSection
	GlobalSection(SolutionProperties) = preSolution
		HideSolutionNode = FALSE
	EndGlobalSection
	GlobalSection(ExtensibilityGlobals) = postSolution
		SolutionGuid = {F90B2D21-2DFB-4D99-89CA-9FCDB2C727D6}
	EndGlobalSection
EndGlobal
